
Microsoft Visual Studio Solution File, Format Version 12.00
# Visual Studio Version 17
VisualStudioVersion = 17.8.34525.116
MinimumVisualStudioVersion = 10.0.40219.1
Project("{9A19103F-16F7-4668-BE54-9A1E7A4F7556}") = "SignalRApi", "SignalRApi\SignalRApi.csproj", "{B9EB7FFC-8C40-4CE3-8D78-13B91384356C}"
EndProject
Project("{9A19103F-16F7-4668-BE54-9A1E7A4F7556}") = "SignalRWebUI", "SignalRWebUI\SignalRWebUI.csproj", "{02748CD2-A266-43DA-A082-1BA1D7632AB4}"
EndProject
Project("{9A19103F-16F7-4668-BE54-9A1E7A4F7556}") = "SignalR.EntityLayer", "SignalR.EntityLayer\SignalR.EntityLayer.csproj", "{741875FC-B934-487D-BCC9-594F662D72EB}"
EndProject
Project("{FAE04EC0-301F-11D3-BF4B-00C04F79EFBC}") = "SignalR.DataAccessLayer", "SignalR.DataAccessLayer\SignalR.DataAccessLayer.csproj", "{DD571B43-1DC6-4571-8BB0-FDD65E415185}"
EndProject
Project("{FAE04EC0-301F-11D3-BF4B-00C04F79EFBC}") = "SignalR.DtoLayer", "SignalR.DtoLayer\SignalR.DtoLayer.csproj", "{11441F5F-0821-414E-9CFA-646E394B5217}"
EndProject
Project("{FAE04EC0-301F-11D3-BF4B-00C04F79EFBC}") = "SignalR.BusinessLayer", "SignalR.BusinessLayer\SignalR.BusinessLayer.csproj", "{A08BCEFF-6C94-49ED-93A9-38AA02F49D85}"
EndProject
Global
	GlobalSection(SolutionConfigurationPlatforms) = preSolution
		Debug|Any CPU = Debug|Any CPU
		Release|Any CPU = Release|Any CPU
	EndGlobalSection
	GlobalSection(ProjectConfigurationPlatforms) = postSolution
		{B9EB7FFC-8C40-4CE3-8D78-13B91384356C}.Debug|Any CPU.ActiveCfg = Debug|Any CPU
		{B9EB7FFC-8C40-4CE3-8D78-13B91384356C}.Debug|Any CPU.Build.0 = Debug|Any CPU
		{B9EB7FFC-8C40-4CE3-8D78-13B91384356C}.Release|Any CPU.ActiveCfg = Release|Any CPU
		{B9EB7FFC-8C40-4CE3-8D78-13B91384356C}.Release|Any CPU.Build.0 = Release|Any CPU
		{02748CD2-A266-43DA-A082-1BA1D7632AB4}.Debug|Any CPU.ActiveCfg = Debug|Any CPU
		{02748CD2-A266-43DA-A082-1BA1D7632AB4}.Debug|Any CPU.Build.0 = Debug|Any CPU
		{02748CD2-A266-43DA-A082-1BA1D7632AB4}.Release|Any CPU.ActiveCfg = Release|Any CPU
		{02748CD2-A266-43DA-A082-1BA1D7632AB4}.Release|Any CPU.Build.0 = Release|Any CPU
		{741875FC-B934-487D-BCC9-594F662D72EB}.Debug|Any CPU.ActiveCfg = Debug|Any CPU
		{741875FC-B934-487D-BCC9-594F662D72EB}.Debug|Any CPU.Build.0 = Debug|Any CPU
		{741875FC-B934-487D-BCC9-594F662D72EB}.Release|Any CPU.ActiveCfg = Release|Any CPU
		{741875FC-B934-487D-BCC9-594F662D72EB}.Release|Any CPU.Build.0 = Release|Any CPU
		{DD571B43-1DC6-4571-8BB0-FDD65E415185}.Debug|Any CPU.ActiveCfg = Debug|Any CPU
		{DD571B43-1DC6-4571-8BB0-FDD65E415185}.Debug|Any CPU.Build.0 = Debug|Any CPU
		{DD571B43-1DC6-4571-8BB0-FDD65E415185}.Release|Any CPU.ActiveCfg = Release|Any CPU
		{DD571B43-1DC6-4571-8BB0-FDD65E415185}.Release|Any CPU.Build.0 = Release|Any CPU
		{11441F5F-0821-414E-9CFA-646E394B5217}.Debug|Any CPU.ActiveCfg = Debug|Any CPU
		{11441F5F-0821-414E-9CFA-646E394B5217}.Debug|Any CPU.Build.0 = Debug|Any CPU
		{11441F5F-0821-414E-9CFA-646E394B5217}.Release|Any CPU.ActiveCfg = Release|Any CPU
		{11441F5F-0821-414E-9CFA-646E394B5217}.Release|Any CPU.Build.0 = Release|Any CPU
		{A08BCEFF-6C94-49ED-93A9-38AA02F49D85}.Debug|Any CPU.ActiveCfg = Debug|Any CPU
		{A08BCEFF-6C94-49ED-93A9-38AA02F49D85}.Debug|Any CPU.Build.0 = Debug|Any CPU
		{A08BCEFF-6C94-49ED-93A9-38AA02F49D85}.Release|Any CPU.ActiveCfg = Release|Any CPU
		{A08BCEFF-6C94-49ED-93A9-38AA02F49D85}.Release|Any CPU.Build.0 = Release|Any CPU
	EndGlobalSection
	GlobalSection(SolutionProperties) = preSolution
		HideSolutionNode = FALSE
	EndGlobalSection
	GlobalSection(ExtensibilityGlobals) = postSolution
		SolutionGuid = {0A3A6978-1BBA-4FE0-8E9A-FCCA650D6FD2}
	EndGlobalSection
EndGlobal
